
Microsoft Visual Studio Solution File, Format Version 12.00
# Visual Studio 15
VisualStudioVersion = 15.0.28307.421
MinimumVisualStudioVersion = 10.0.40219.1
Project("{FAE04EC0-301F-11D3-BF4B-00C04F79EFBC}") = "Kingpim", "Kingpim\Kingpim.csproj", "{47897F71-855D-4567-B45B-6451A2C0D777}"
EndProject
Project("{FAE04EC0-301F-11D3-BF4B-00C04F79EFBC}") = "Kingpim.DAL", "Kingpim.DAL\Kingpim.DAL.csproj", "{F17566BF-1F21-4464-9A80-0D6D1CEC4A39}"
EndProject
Project("{FAE04EC0-301F-11D3-BF4B-00C04F79EFBC}") = "Kingpim.Services", "Kingpim.Services\Kingpim.Services.csproj", "{4C568253-E197-47F8-B2C7-A7FD00197AB8}"
EndProject
Global
	GlobalSection(SolutionConfigurationPlatforms) = preSolution
		Debug|Any CPU = Debug|Any CPU
		Release|Any CPU = Release|Any CPU
	EndGlobalSection
	GlobalSection(ProjectConfigurationPlatforms) = postSolution
		{47897F71-855D-4567-B45B-6451A2C0D777}.Debug|Any CPU.ActiveCfg = Debug|Any CPU
		{47897F71-855D-4567-B45B-6451A2C0D777}.Debug|Any CPU.Build.0 = Debug|Any CPU
		{47897F71-855D-4567-B45B-6451A2C0D777}.Release|Any CPU.ActiveCfg = Release|Any CPU
		{47897F71-855D-4567-B45B-6451A2C0D777}.Release|Any CPU.Build.0 = Release|Any CPU
		{F17566BF-1F21-4464-9A80-0D6D1CEC4A39}.Debug|Any CPU.ActiveCfg = Debug|Any CPU
		{F17566BF-1F21-4464-9A80-0D6D1CEC4A39}.Debug|Any CPU.Build.0 = Debug|Any CPU
		{F17566BF-1F21-4464-9A80-0D6D1CEC4A39}.Release|Any CPU.ActiveCfg = Release|Any CPU
		{F17566BF-1F21-4464-9A80-0D6D1CEC4A39}.Release|Any CPU.Build.0 = Release|Any CPU
		{4C568253-E197-47F8-B2C7-A7FD00197AB8}.Debug|Any CPU.ActiveCfg = Debug|Any CPU
		{4C568253-E197-47F8-B2C7-A7FD00197AB8}.Debug|Any CPU.Build.0 = Debug|Any CPU
		{4C568253-E197-47F8-B2C7-A7FD00197AB8}.Release|Any CPU.ActiveCfg = Release|Any CPU
		{4C568253-E197-47F8-B2C7-A7FD00197AB8}.Release|Any CPU.Build.0 = Release|Any CPU
	EndGlobalSection
	GlobalSection(SolutionProperties) = preSolution
		HideSolutionNode = FALSE
	EndGlobalSection
	GlobalSection(ExtensibilityGlobals) = postSolution
		SolutionGuid = {C0DB669B-95D2-48AD-907F-565571AF905E}
	EndGlobalSection
EndGlobal
