
Microsoft Visual Studio Solution File, Format Version 12.00
# Visual Studio 15
VisualStudioVersion = 15.0.28307.421
MinimumVisualStudioVersion = 10.0.40219.1
Project("{FAE04EC0-301F-11D3-BF4B-00C04F79EFBC}") = "Kingpim", "Kingpim\Kingpim.csproj", "{B82E1EC6-333D-44ED-AB24-7DFA3A2FC4AE}"
EndProject
Project("{FAE04EC0-301F-11D3-BF4B-00C04F79EFBC}") = "Kingpim.DAL", "Kingpim.DAL\Kingpim.DAL.csproj", "{92A39F93-E94E-4E45-8750-49EBA6EB4AA1}"
EndProject
Project("{FAE04EC0-301F-11D3-BF4B-00C04F79EFBC}") = "Kingpim.Services", "Kingpim.Services\Kingpim.Services.csproj", "{4DC4460C-1860-4A6F-A707-59D53F8891F0}"
EndProject
Global
	GlobalSection(SolutionConfigurationPlatforms) = preSolution
		Debug|Any CPU = Debug|Any CPU
		Release|Any CPU = Release|Any CPU
	EndGlobalSection
	GlobalSection(ProjectConfigurationPlatforms) = postSolution
		{B82E1EC6-333D-44ED-AB24-7DFA3A2FC4AE}.Debug|Any CPU.ActiveCfg = Debug|Any CPU
		{B82E1EC6-333D-44ED-AB24-7DFA3A2FC4AE}.Debug|Any CPU.Build.0 = Debug|Any CPU
		{B82E1EC6-333D-44ED-AB24-7DFA3A2FC4AE}.Release|Any CPU.ActiveCfg = Release|Any CPU
		{B82E1EC6-333D-44ED-AB24-7DFA3A2FC4AE}.Release|Any CPU.Build.0 = Release|Any CPU
		{92A39F93-E94E-4E45-8750-49EBA6EB4AA1}.Debug|Any CPU.ActiveCfg = Debug|Any CPU
		{92A39F93-E94E-4E45-8750-49EBA6EB4AA1}.Debug|Any CPU.Build.0 = Debug|Any CPU
		{92A39F93-E94E-4E45-8750-49EBA6EB4AA1}.Release|Any CPU.ActiveCfg = Release|Any CPU
		{92A39F93-E94E-4E45-8750-49EBA6EB4AA1}.Release|Any CPU.Build.0 = Release|Any CPU
		{4DC4460C-1860-4A6F-A707-59D53F8891F0}.Debug|Any CPU.ActiveCfg = Debug|Any CPU
		{4DC4460C-1860-4A6F-A707-59D53F8891F0}.Debug|Any CPU.Build.0 = Debug|Any CPU
		{4DC4460C-1860-4A6F-A707-59D53F8891F0}.Release|Any CPU.ActiveCfg = Release|Any CPU
		{4DC4460C-1860-4A6F-A707-59D53F8891F0}.Release|Any CPU.Build.0 = Release|Any CPU
	EndGlobalSection
	GlobalSection(SolutionProperties) = preSolution
		HideSolutionNode = FALSE
	EndGlobalSection
	GlobalSection(ExtensibilityGlobals) = postSolution
		SolutionGuid = {D1992551-CC2B-4920-9535-1B08CF661EB4}
	EndGlobalSection
EndGlobal
